{
  "name": "cc-qna-meteor",
  "requires": true,
  "lockfileVersion": 1,
  "dependencies": {
    "@babel/runtime": {
      "version": "7.3.1",
      "resolved": "https://registry.npmjs.org/@babel/runtime/-/runtime-7.3.1.tgz",
      "integrity": "sha512-7jGW8ppV0ant637pIqAcFfQDDH1orEPGJb8aXfUozuCU3QqX7rX4DA8iwrbPrR1hcH0FTTHz47yQnk+bl5xHQA==",
      "requires": {
        "regenerator-runtime": "^0.12.0"
      }
    },
    "bignumber.js": {
      "version": "4.1.0",
      "resolved": "https://registry.npmjs.org/bignumber.js/-/bignumber.js-4.1.0.tgz",
      "integrity": "sha512-eJzYkFYy9L4JzXsbymsFn3p54D+llV27oTQ+ziJG7WFRheJcNZilgVXMG0LoZtlQSKBsJdWtLFqOD0u+U0jZKA=="
    },
    "bootstrap": {
      "version": "4.3.1",
      "resolved": "https://registry.npmjs.org/bootstrap/-/bootstrap-4.3.1.tgz",
      "integrity": "sha512-rXqOmH1VilAt2DyPzluTi2blhk17bO7ef+zLLPlWvG494pDxcM234pJ8wTc/6R40UWizAIIMgxjvxZg5kmsbag=="
    },
    "chart.js": {
      "version": "2.7.3",
      "resolved": "https://registry.npmjs.org/chart.js/-/chart.js-2.7.3.tgz",
      "integrity": "sha512-3+7k/DbR92m6BsMUYP6M0dMsMVZpMnwkUyNSAbqolHKsbIzH2Q4LWVEHHYq7v0fmEV8whXE0DrjANulw9j2K5g==",
      "requires": {
        "chartjs-color": "^2.1.0",
        "moment": "^2.10.2"
      }
    },
    "chartjs-color": {
      "version": "2.2.0",
      "resolved": "https://registry.npmjs.org/chartjs-color/-/chartjs-color-2.2.0.tgz",
      "integrity": "sha1-hKL7dVeH7YXDndbdjHsdiEKbrq4=",
      "requires": {
        "chartjs-color-string": "^0.5.0",
        "color-convert": "^0.5.3"
      }
    },
    "chartjs-color-string": {
      "version": "0.5.0",
      "resolved": "https://registry.npmjs.org/chartjs-color-string/-/chartjs-color-string-0.5.0.tgz",
      "integrity": "sha512-amWNvCOXlOUYxZVDSa0YOab5K/lmEhbFNKI55PWc4mlv28BDzA7zaoQTGxSBgJMHIW+hGX8YUrvw/FH4LyhwSQ==",
      "requires": {
        "color-name": "^1.0.0"
      }
    },
    "cluster-key-slot": {
      "version": "1.0.12",
      "resolved": "https://registry.npmjs.org/cluster-key-slot/-/cluster-key-slot-1.0.12.tgz",
      "integrity": "sha512-21O0kGmvED5OJ7ZTdqQ5lQQ+sjuez33R+d35jZKLwqUb5mqcPHUsxOSzj61+LHVtxGZd1kShbQM3MjB/gBJkVg=="
    },
    "color-convert": {
      "version": "0.5.3",
      "resolved": "https://registry.npmjs.org/color-convert/-/color-convert-0.5.3.tgz",
      "integrity": "sha1-vbbGnOZg+t/+CwAHzER+G59ygr0="
    },
    "color-name": {
      "version": "1.1.4",
      "resolved": "https://registry.npmjs.org/color-name/-/color-name-1.1.4.tgz",
      "integrity": "sha512-dOy+3AuW3a2wNbZHIuMZpTcgjGuLU/uBL/ubcZF9OXbDo8ff4O8yVp5Bf0efS8uEoYo5q4Fx7dY9OgQGXgAsQA=="
    },
    "core-util-is": {
      "version": "1.0.2",
      "resolved": "https://registry.npmjs.org/core-util-is/-/core-util-is-1.0.2.tgz",
      "integrity": "sha1-tf1UIgqivFq1eqtxQMlAdUUDwac="
    },
    "debug": {
      "version": "3.2.6",
      "resolved": "https://registry.npmjs.org/debug/-/debug-3.2.6.tgz",
      "integrity": "sha512-mel+jf7nrtEl5Pn1Qx46zARXKDpBbvzezse7p7LqINmdoIk8PYP5SySaxEmYv6TZ0JyEKA1hsCId6DIhgITtWQ==",
      "requires": {
        "ms": "^2.1.1"
      }
    },
    "denque": {
      "version": "1.4.0",
      "resolved": "https://registry.npmjs.org/denque/-/denque-1.4.0.tgz",
      "integrity": "sha512-gh513ac7aiKrAgjiIBWZG0EASyDF9p4JMWwKA8YU5s9figrL5SRNEMT6FDynsegakuhWd1wVqTvqvqAoDxw7wQ=="
    },
    "flexbuffer": {
      "version": "0.0.6",
      "resolved": "https://registry.npmjs.org/flexbuffer/-/flexbuffer-0.0.6.tgz",
      "integrity": "sha1-A5/fI/iCPkQMOPMnfm/vEXQhWzA="
    },
    "inherits": {
      "version": "2.0.3",
      "resolved": "https://registry.npmjs.org/inherits/-/inherits-2.0.3.tgz",
      "integrity": "sha1-Yzwsg+PaQqUC9SRmAiSA9CCCYd4="
    },
    "ioredis": {
      "version": "4.6.2",
      "resolved": "https://registry.npmjs.org/ioredis/-/ioredis-4.6.2.tgz",
      "integrity": "sha512-zlc/LeoeriHTXm5z3rakPcfRcUV9x+xr0E+7/L7KH0D5z7sI5ngEQWR2RUxnwFcxUcCkvrXMztRIdBP3DhqMAQ==",
      "requires": {
        "cluster-key-slot": "^1.0.6",
        "debug": "^3.1.0",
        "denque": "^1.1.0",
        "flexbuffer": "0.0.6",
        "lodash.defaults": "^4.2.0",
        "lodash.flatten": "^4.4.0",
        "redis-commands": "1.4.0",
        "redis-errors": "^1.2.0",
        "redis-parser": "^3.0.0",
        "standard-as-callback": "^1.0.0"
      }
    },
    "isarray": {
      "version": "1.0.0",
      "resolved": "https://registry.npmjs.org/isarray/-/isarray-1.0.0.tgz",
      "integrity": "sha1-u5NdSFgsuhaMBoNJV6VKPgcSTxE="
    },
    "jquery": {
      "version": "3.3.1",
      "resolved": "https://registry.npmjs.org/jquery/-/jquery-3.3.1.tgz",
      "integrity": "sha512-Ubldcmxp5np52/ENotGxlLe6aGMvmF4R8S6tZjsP6Knsaxd/xp3Zrh50cG93lR6nPXyUFwzN3ZSOQI0wRJNdGg=="
    },
    "lodash.defaults": {
      "version": "4.2.0",
      "resolved": "https://registry.npmjs.org/lodash.defaults/-/lodash.defaults-4.2.0.tgz",
      "integrity": "sha1-0JF4cW/+pN3p5ft7N/bwgCJ0WAw="
    },
    "lodash.flatten": {
      "version": "4.4.0",
      "resolved": "https://registry.npmjs.org/lodash.flatten/-/lodash.flatten-4.4.0.tgz",
      "integrity": "sha1-8xwiIlqWMtK7+OSt2+8kCqdlph8="
    },
    "meteor-node-stubs": {
      "version": "0.4.1",
      "resolved": "https://registry.npmjs.org/meteor-node-stubs/-/meteor-node-stubs-0.4.1.tgz",
      "integrity": "sha512-UO2OStvLOKoApmOdIP5eCqoLaa/ritMXRg4ffJVdkNLEsczzPvTjgC0Mxk4cM4R8MZkwll90FYgjDf5qUTJdMA==",
      "requires": {
        "assert": "^1.4.1",
        "browserify-zlib": "^0.1.4",
        "buffer": "^4.9.1",
        "console-browserify": "^1.1.0",
        "constants-browserify": "^1.0.0",
        "crypto-browserify": "^3.11.0",
        "domain-browser": "^1.1.7",
        "events": "^1.1.1",
        "https-browserify": "0.0.1",
        "os-browserify": "^0.2.1",
        "path-browserify": "0.0.0",
        "process": "^0.11.9",
        "punycode": "^1.4.1",
        "querystring-es3": "^0.2.1",
        "readable-stream": "^2.3.6",
        "stream-browserify": "^2.0.1",
        "stream-http": "^2.8.0",
        "string_decoder": "^1.1.0",
        "timers-browserify": "^1.4.2",
        "tty-browserify": "0.0.0",
        "url": "^0.11.0",
        "util": "^0.10.3",
        "vm-browserify": "0.0.4"
      },
      "dependencies": {
        "asn1.js": {
          "version": "4.10.1",
          "bundled": true,
          "requires": {
            "bn.js": "^4.0.0",
            "inherits": "^2.0.1",
            "minimalistic-assert": "^1.0.0"
          }
        },
        "assert": {
          "version": "1.4.1",
          "bundled": true,
          "requires": {
            "util": "0.10.3"
          }
        },
        "base64-js": {
          "version": "1.3.0",
          "bundled": true
        },
        "bn.js": {
          "version": "4.11.8",
          "bundled": true
        },
        "brorand": {
          "version": "1.1.0",
          "bundled": true
        },
        "browserify-aes": {
          "version": "1.2.0",
          "bundled": true,
          "requires": {
            "buffer-xor": "^1.0.3",
            "cipher-base": "^1.0.0",
            "create-hash": "^1.1.0",
            "evp_bytestokey": "^1.0.3",
            "inherits": "^2.0.1",
            "safe-buffer": "^5.0.1"
          }
        },
        "browserify-cipher": {
          "version": "1.0.1",
          "bundled": true,
          "requires": {
            "browserify-aes": "^1.0.4",
            "browserify-des": "^1.0.0",
            "evp_bytestokey": "^1.0.0"
          }
        },
        "browserify-des": {
          "version": "1.0.1",
          "bundled": true,
          "requires": {
            "cipher-base": "^1.0.1",
            "des.js": "^1.0.0",
            "inherits": "^2.0.1"
          }
        },
        "browserify-rsa": {
          "version": "4.0.1",
          "bundled": true,
          "requires": {
            "bn.js": "^4.1.0",
            "randombytes": "^2.0.1"
          }
        },
        "browserify-sign": {
          "version": "4.0.4",
          "bundled": true,
          "requires": {
            "bn.js": "^4.1.1",
            "browserify-rsa": "^4.0.0",
            "create-hash": "^1.1.0",
            "create-hmac": "^1.1.2",
            "elliptic": "^6.0.0",
            "inherits": "^2.0.1",
            "parse-asn1": "^5.0.0"
          }
        },
        "browserify-zlib": {
          "version": "0.1.4",
          "bundled": true,
          "requires": {
            "pako": "~0.2.0"
          }
        },
        "buffer": {
          "version": "4.9.1",
          "bundled": true,
          "requires": {
            "base64-js": "^1.0.2",
            "ieee754": "^1.1.4",
            "isarray": "^1.0.0"
          }
        },
        "buffer-xor": {
          "version": "1.0.3",
          "bundled": true
        },
        "builtin-status-codes": {
          "version": "3.0.0",
          "bundled": true
        },
        "cipher-base": {
          "version": "1.0.4",
          "bundled": true,
          "requires": {
            "inherits": "^2.0.1",
            "safe-buffer": "^5.0.1"
          }
        },
        "console-browserify": {
          "version": "1.1.0",
          "bundled": true,
          "requires": {
            "date-now": "^0.1.4"
          }
        },
        "constants-browserify": {
          "version": "1.0.0",
          "bundled": true
        },
        "core-util-is": {
          "version": "1.0.2",
          "bundled": true
        },
        "create-ecdh": {
          "version": "4.0.3",
          "bundled": true,
          "requires": {
            "bn.js": "^4.1.0",
            "elliptic": "^6.0.0"
          }
        },
        "create-hash": {
          "version": "1.2.0",
          "bundled": true,
          "requires": {
            "cipher-base": "^1.0.1",
            "inherits": "^2.0.1",
            "md5.js": "^1.3.4",
            "ripemd160": "^2.0.1",
            "sha.js": "^2.4.0"
          }
        },
        "create-hmac": {
          "version": "1.1.7",
          "bundled": true,
          "requires": {
            "cipher-base": "^1.0.3",
            "create-hash": "^1.1.0",
            "inherits": "^2.0.1",
            "ripemd160": "^2.0.0",
            "safe-buffer": "^5.0.1",
            "sha.js": "^2.4.8"
          }
        },
        "crypto-browserify": {
          "version": "3.12.0",
          "bundled": true,
          "requires": {
            "browserify-cipher": "^1.0.0",
            "browserify-sign": "^4.0.0",
            "create-ecdh": "^4.0.0",
            "create-hash": "^1.1.0",
            "create-hmac": "^1.1.0",
            "diffie-hellman": "^5.0.0",
            "inherits": "^2.0.1",
            "pbkdf2": "^3.0.3",
            "public-encrypt": "^4.0.0",
            "randombytes": "^2.0.0",
            "randomfill": "^1.0.3"
          }
        },
        "date-now": {
          "version": "0.1.4",
          "bundled": true
        },
        "des.js": {
          "version": "1.0.0",
          "bundled": true,
          "requires": {
            "inherits": "^2.0.1",
            "minimalistic-assert": "^1.0.0"
          }
        },
        "diffie-hellman": {
          "version": "5.0.3",
          "bundled": true,
          "requires": {
            "bn.js": "^4.1.0",
            "miller-rabin": "^4.0.0",
            "randombytes": "^2.0.0"
          }
        },
        "domain-browser": {
          "version": "1.2.0",
          "bundled": true
        },
        "elliptic": {
          "version": "6.4.0",
          "bundled": true,
          "requires": {
            "bn.js": "^4.4.0",
            "brorand": "^1.0.1",
            "hash.js": "^1.0.0",
            "hmac-drbg": "^1.0.0",
            "inherits": "^2.0.1",
            "minimalistic-assert": "^1.0.0",
            "minimalistic-crypto-utils": "^1.0.0"
          }
        },
        "events": {
          "version": "1.1.1",
          "bundled": true
        },
        "evp_bytestokey": {
          "version": "1.0.3",
          "bundled": true,
          "requires": {
            "md5.js": "^1.3.4",
            "safe-buffer": "^5.1.1"
          }
        },
        "hash-base": {
          "version": "3.0.4",
          "bundled": true,
          "requires": {
            "inherits": "^2.0.1",
            "safe-buffer": "^5.0.1"
          }
        },
        "hash.js": {
          "version": "1.1.3",
          "bundled": true,
          "requires": {
            "inherits": "^2.0.3",
            "minimalistic-assert": "^1.0.0"
          },
          "dependencies": {
            "inherits": {
              "version": "2.0.3",
              "bundled": true
            }
          }
        },
        "hmac-drbg": {
          "version": "1.0.1",
          "bundled": true,
          "requires": {
            "hash.js": "^1.0.3",
            "minimalistic-assert": "^1.0.0",
            "minimalistic-crypto-utils": "^1.0.1"
          }
        },
        "https-browserify": {
          "version": "0.0.1",
          "bundled": true
        },
        "ieee754": {
          "version": "1.1.11",
          "bundled": true
        },
        "indexof": {
          "version": "0.0.1",
          "bundled": true
        },
        "inherits": {
          "version": "2.0.1",
          "bundled": true
        },
        "isarray": {
          "version": "1.0.0",
          "bundled": true
        },
        "md5.js": {
          "version": "1.3.4",
          "bundled": true,
          "requires": {
            "hash-base": "^3.0.0",
            "inherits": "^2.0.1"
          }
        },
        "miller-rabin": {
          "version": "4.0.1",
          "bundled": true,
          "requires": {
            "bn.js": "^4.0.0",
            "brorand": "^1.0.1"
          }
        },
        "minimalistic-assert": {
          "version": "1.0.1",
          "bundled": true
        },
        "minimalistic-crypto-utils": {
          "version": "1.0.1",
          "bundled": true
        },
        "os-browserify": {
          "version": "0.2.1",
          "bundled": true
        },
        "pako": {
          "version": "0.2.9",
          "bundled": true
        },
        "parse-asn1": {
          "version": "5.1.1",
          "bundled": true,
          "requires": {
            "asn1.js": "^4.0.0",
            "browserify-aes": "^1.0.0",
            "create-hash": "^1.1.0",
            "evp_bytestokey": "^1.0.0",
            "pbkdf2": "^3.0.3"
          }
        },
        "path-browserify": {
          "version": "0.0.0",
          "bundled": true
        },
        "pbkdf2": {
          "version": "3.0.16",
          "bundled": true,
          "requires": {
            "create-hash": "^1.1.2",
            "create-hmac": "^1.1.4",
            "ripemd160": "^2.0.1",
            "safe-buffer": "^5.0.1",
            "sha.js": "^2.4.8"
          }
        },
        "process": {
          "version": "0.11.10",
          "bundled": true
        },
        "process-nextick-args": {
          "version": "2.0.0",
          "bundled": true
        },
        "public-encrypt": {
          "version": "4.0.2",
          "bundled": true,
          "requires": {
            "bn.js": "^4.1.0",
            "browserify-rsa": "^4.0.0",
            "create-hash": "^1.1.0",
            "parse-asn1": "^5.0.0",
            "randombytes": "^2.0.1"
          }
        },
        "punycode": {
          "version": "1.4.1",
          "bundled": true
        },
        "querystring": {
          "version": "0.2.0",
          "bundled": true
        },
        "querystring-es3": {
          "version": "0.2.1",
          "bundled": true
        },
        "randombytes": {
          "version": "2.0.6",
          "bundled": true,
          "requires": {
            "safe-buffer": "^5.1.0"
          }
        },
        "randomfill": {
          "version": "1.0.4",
          "bundled": true,
          "requires": {
            "randombytes": "^2.0.5",
            "safe-buffer": "^5.1.0"
          }
        },
        "readable-stream": {
          "version": "2.3.6",
          "bundled": true,
          "requires": {
            "core-util-is": "~1.0.0",
            "inherits": "~2.0.3",
            "isarray": "~1.0.0",
            "process-nextick-args": "~2.0.0",
            "safe-buffer": "~5.1.1",
            "string_decoder": "~1.1.1",
            "util-deprecate": "~1.0.1"
          },
          "dependencies": {
            "inherits": {
              "version": "2.0.3",
              "bundled": true
            }
          }
        },
        "ripemd160": {
          "version": "2.0.2",
          "bundled": true,
          "requires": {
            "hash-base": "^3.0.0",
            "inherits": "^2.0.1"
          }
        },
        "safe-buffer": {
          "version": "5.1.2",
          "bundled": true
        },
        "sha.js": {
          "version": "2.4.11",
          "bundled": true,
          "requires": {
            "inherits": "^2.0.1",
            "safe-buffer": "^5.0.1"
          }
        },
        "stream-browserify": {
          "version": "2.0.1",
          "bundled": true,
          "requires": {
            "inherits": "~2.0.1",
            "readable-stream": "^2.0.2"
          }
        },
        "stream-http": {
          "version": "2.8.1",
          "bundled": true,
          "requires": {
            "builtin-status-codes": "^3.0.0",
            "inherits": "^2.0.1",
            "readable-stream": "^2.3.3",
            "to-arraybuffer": "^1.0.0",
            "xtend": "^4.0.0"
          }
        },
        "string_decoder": {
          "version": "1.1.1",
          "bundled": true,
          "requires": {
            "safe-buffer": "~5.1.0"
          }
        },
        "timers-browserify": {
          "version": "1.4.2",
          "bundled": true,
          "requires": {
            "process": "~0.11.0"
          }
        },
        "to-arraybuffer": {
          "version": "1.0.1",
          "bundled": true
        },
        "tty-browserify": {
          "version": "0.0.0",
          "bundled": true
        },
        "url": {
          "version": "0.11.0",
          "bundled": true,
          "requires": {
            "punycode": "1.3.2",
            "querystring": "0.2.0"
          },
          "dependencies": {
            "punycode": {
              "version": "1.3.2",
              "bundled": true
            }
          }
        },
        "util": {
          "version": "0.10.3",
          "bundled": true,
          "requires": {
            "inherits": "2.0.1"
          }
        },
        "util-deprecate": {
          "version": "1.0.2",
          "bundled": true
        },
        "vm-browserify": {
          "version": "0.0.4",
          "bundled": true,
          "requires": {
            "indexof": "0.0.1"
          }
        },
        "xtend": {
          "version": "4.0.1",
          "bundled": true
        }
      }
    },
    "moment": {
      "version": "2.24.0",
      "resolved": "https://registry.npmjs.org/moment/-/moment-2.24.0.tgz",
      "integrity": "sha512-bV7f+6l2QigeBBZSM/6yTNq4P2fNpSWj/0e7jQcy87A8e7o2nAfP/34/2ky5Vw4B9S446EtIhodAzkFCcR4dQg=="
    },
    "ms": {
      "version": "2.1.1",
      "resolved": "https://registry.npmjs.org/ms/-/ms-2.1.1.tgz",
      "integrity": "sha512-tgp+dl5cGk28utYktBsrFqA7HKgrhgPsg6Z/EfhWI4gl1Hwq8B/GmY/0oXZ6nF8hDVesS/FpnYaD/kOWhYQvyg=="
    },
    "mysql": {
      "version": "2.16.0",
      "resolved": "https://registry.npmjs.org/mysql/-/mysql-2.16.0.tgz",
      "integrity": "sha512-dPbN2LHonQp7D5ja5DJXNbCLe/HRdu+f3v61aguzNRQIrmZLOeRoymBYyeThrR6ug+FqzDL95Gc9maqZUJS+Gw==",
      "requires": {
        "bignumber.js": "4.1.0",
        "readable-stream": "2.3.6",
        "safe-buffer": "5.1.2",
        "sqlstring": "2.3.1"
      }
    },
    "node-kmeans": {
      "version": "1.1.8",
      "resolved": "https://registry.npmjs.org/node-kmeans/-/node-kmeans-1.1.8.tgz",
      "integrity": "sha512-ECRohwrZzZMbvbGhlnALCozmMub1MuJJQEAFRoWiirR8WhcWXMmsmfCiEv+PcytFTt8E6TIgFMDPE6de2RTApQ==",
      "requires": {
        "underscore": "1.4.2"
      }
    },
    "popper.js": {
      "version": "1.14.7",
      "resolved": "https://registry.npmjs.org/popper.js/-/popper.js-1.14.7.tgz",
      "integrity": "sha512-4q1hNvoUre/8srWsH7hnoSJ5xVmIL4qgz+s4qf2TnJIMyZFUFMGH+9vE7mXynAlHSZ/NdTmmow86muD0myUkVQ=="
    },
    "process-nextick-args": {
      "version": "2.0.0",
      "resolved": "https://registry.npmjs.org/process-nextick-args/-/process-nextick-args-2.0.0.tgz",
      "integrity": "sha512-MtEC1TqN0EU5nephaJ4rAtThHtC86dNN9qCuEhtshvpVBkAW5ZO7BASN9REnF9eoXGcRub+pFuKEpOHE+HbEMw=="
    },
    "readable-stream": {
      "version": "2.3.6",
      "resolved": "https://registry.npmjs.org/readable-stream/-/readable-stream-2.3.6.tgz",
      "integrity": "sha512-tQtKA9WIAhBF3+VLAseyMqZeBjW0AHJoxOtYqSUZNJxauErmLbVm2FW1y+J/YA9dUrAC39ITejlZWhVIwawkKw==",
      "requires": {
        "core-util-is": "~1.0.0",
        "inherits": "~2.0.3",
        "isarray": "~1.0.0",
        "process-nextick-args": "~2.0.0",
        "safe-buffer": "~5.1.1",
        "string_decoder": "~1.1.1",
        "util-deprecate": "~1.0.1"
      }
    },
    "redis-commands": {
      "version": "1.4.0",
      "resolved": "https://registry.npmjs.org/redis-commands/-/redis-commands-1.4.0.tgz",
      "integrity": "sha512-cu8EF+MtkwI4DLIT0x9P8qNTLFhQD4jLfxLR0cCNkeGzs87FN6879JOJwNQR/1zD7aSYNbU0hgsV9zGY71Itvw=="
    },
    "redis-errors": {
      "version": "1.2.0",
      "resolved": "https://registry.npmjs.org/redis-errors/-/redis-errors-1.2.0.tgz",
      "integrity": "sha1-62LSrbFeTq9GEMBK/hUpOEJQq60="
    },
    "redis-parser": {
      "version": "3.0.0",
      "resolved": "https://registry.npmjs.org/redis-parser/-/redis-parser-3.0.0.tgz",
      "integrity": "sha1-tm2CjNyv5rS4pCin3vTGvKwxyLQ=",
      "requires": {
        "redis-errors": "^1.0.0"
      }
    },
    "regenerator-runtime": {
      "version": "0.12.1",
      "resolved": "https://registry.npmjs.org/regenerator-runtime/-/regenerator-runtime-0.12.1.tgz",
      "integrity": "sha512-odxIc1/vDlo4iZcfXqRYFj0vpXFNoGdKMAUieAlFYO6m/nl5e9KR/beGf41z4a1FI+aQgtjhuaSlDxQ0hmkrHg=="
    },
    "safe-buffer": {
      "version": "5.1.2",
      "resolved": "https://registry.npmjs.org/safe-buffer/-/safe-buffer-5.1.2.tgz",
      "integrity": "sha512-Gd2UZBJDkXlY7GbJxfsE8/nvKkUEU1G38c1siN6QP6a9PT9MmHB8GnpscSmMJSoF8LOIrt8ud/wPtojys4G6+g=="
    },
    "sqlstring": {
      "version": "2.3.1",
      "resolved": "https://registry.npmjs.org/sqlstring/-/sqlstring-2.3.1.tgz",
      "integrity": "sha1-R1OT/56RR5rqYtyvDKPRSYOn+0A="
    },
    "standard-as-callback": {
      "version": "1.0.2",
      "resolved": "https://registry.npmjs.org/standard-as-callback/-/standard-as-callback-1.0.2.tgz",
      "integrity": "sha512-1Qrah+2Vmj8DiftcXR9gfUe/gFmOukdnxF5v7G/apCZbLtjh3rjss8Eu6Qlprm6zerrl+qDmvm7KXpJedqpoAQ=="
    },
    "string_decoder": {
      "version": "1.1.1",
      "resolved": "https://registry.npmjs.org/string_decoder/-/string_decoder-1.1.1.tgz",
      "integrity": "sha512-n/ShnvDi6FHbbVfviro+WojiFzv+s8MPMHBczVePfUpDJLwoLT0ht1l4YwBCbi8pJAveEEdnkHyPyTP/mzRfwg==",
      "requires": {
        "safe-buffer": "~5.1.0"
      }
    },
    "underscore": {
      "version": "1.4.2",
      "resolved": "https://registry.npmjs.org/underscore/-/underscore-1.4.2.tgz",
      "integrity": "sha1-yyquanmZqJ/VWq7nW84DEWmM6/s="
    },
    "util-deprecate": {
      "version": "1.0.2",
      "resolved": "https://registry.npmjs.org/util-deprecate/-/util-deprecate-1.0.2.tgz",
      "integrity": "sha1-RQ1Nyfpw3nMnYvvS1KKJgUGaDM8="
    }
  }
}
